
Microsoft Visual Studio Solution File, Format Version 12.00
Project("{FAE04EC0-301F-11D3-BF4B-00C04F79EFBC}") = "OccurrencesFinder.PoC", "OccurrencesFinder.PoC\OccurrencesFinder.PoC.csproj", "{7405E5B6-B967-40A6-9906-B761F121F999}"
EndProject
Project("{FAE04EC0-301F-11D3-BF4B-00C04F79EFBC}") = "OccurrencesFinder.Application", "OccurrencesFinder.Application\OccurrencesFinder.Application.csproj", "{5841DC87-5098-46A9-9531-9A2EE57A772E}"
EndProject
Project("{FAE04EC0-301F-11D3-BF4B-00C04F79EFBC}") = "OccurrencesFinder.Application.UnitTests", "OccurrencesFinder.Application.UnitTests\OccurrencesFinder.Application.UnitTests.csproj", "{770902BC-6752-4174-AA3A-FC91AB35229A}"
EndProject
Project("{FAE04EC0-301F-11D3-BF4B-00C04F79EFBC}") = "OccurrencesFinder.IntegrationTestServer", "OccurrencesFinder.IntegrationTestServer\OccurrencesFinder.IntegrationTestServer.csproj", "{E93962DE-2851-4E1A-A7FD-4B360AEDAB42}"
EndProject
Project("{FAE04EC0-301F-11D3-BF4B-00C04F79EFBC}") = "OccurrencesFinder.Console", "OccurrencesFinder.Console\OccurrencesFinder.Console.csproj", "{81C1B1DE-A61E-44CF-B00B-59DF81A3121B}"
EndProject
Project("{FAE04EC0-301F-11D3-BF4B-00C04F79EFBC}") = "OccurrencesFinder.Console.UnitTests", "OccurrencesFinder.Console.UnitTests\OccurrencesFinder.Console.UnitTests.csproj", "{3E8CB816-F90E-456B-9DE2-D329B5638AAA}"
EndProject
Project("{FAE04EC0-301F-11D3-BF4B-00C04F79EFBC}") = "OccurrencesFinder.Infrastructure", "OccurrencesFinder.Infrastructure\OccurrencesFinder.Infrastructure.csproj", "{6E47371F-88AB-41EE-A6A1-1AA401E9A1D9}"
EndProject
Project("{FAE04EC0-301F-11D3-BF4B-00C04F79EFBC}") = "OccurrencesFinder.Infrastructure.UnitTests", "OccurrencesFinder.Infrastructure.UnitTests\OccurrencesFinder.Infrastructure.UnitTests.csproj", "{D2021246-AD81-4D03-A9D8-07A9FE53EF58}"
EndProject
Project("{FAE04EC0-301F-11D3-BF4B-00C04F79EFBC}") = "OccurrencesFinder.Domain.UnitTests", "OccurrencesFinder.Domain.UnitTests\OccurrencesFinder.Domain.UnitTests.csproj", "{546B2CC0-2F1C-418E-8ECC-86C623FCA9A7}"
EndProject
Project("{FAE04EC0-301F-11D3-BF4B-00C04F79EFBC}") = "OccurrencesFinder.Domain", "OccurrencesFinder.Domain\OccurrencesFinder.Domain.csproj", "{D95D64D3-677A-4E0B-9970-D704EFCBC759}"
EndProject
Global
	GlobalSection(SolutionConfigurationPlatforms) = preSolution
		Debug|Any CPU = Debug|Any CPU
		Release|Any CPU = Release|Any CPU
	EndGlobalSection
	GlobalSection(ProjectConfigurationPlatforms) = postSolution
		{7405E5B6-B967-40A6-9906-B761F121F999}.Debug|Any CPU.ActiveCfg = Debug|Any CPU
		{7405E5B6-B967-40A6-9906-B761F121F999}.Debug|Any CPU.Build.0 = Debug|Any CPU
		{7405E5B6-B967-40A6-9906-B761F121F999}.Release|Any CPU.ActiveCfg = Release|Any CPU
		{7405E5B6-B967-40A6-9906-B761F121F999}.Release|Any CPU.Build.0 = Release|Any CPU
		{5841DC87-5098-46A9-9531-9A2EE57A772E}.Debug|Any CPU.ActiveCfg = Debug|Any CPU
		{5841DC87-5098-46A9-9531-9A2EE57A772E}.Debug|Any CPU.Build.0 = Debug|Any CPU
		{5841DC87-5098-46A9-9531-9A2EE57A772E}.Release|Any CPU.ActiveCfg = Release|Any CPU
		{5841DC87-5098-46A9-9531-9A2EE57A772E}.Release|Any CPU.Build.0 = Release|Any CPU
		{770902BC-6752-4174-AA3A-FC91AB35229A}.Debug|Any CPU.ActiveCfg = Debug|Any CPU
		{770902BC-6752-4174-AA3A-FC91AB35229A}.Debug|Any CPU.Build.0 = Debug|Any CPU
		{770902BC-6752-4174-AA3A-FC91AB35229A}.Release|Any CPU.ActiveCfg = Release|Any CPU
		{770902BC-6752-4174-AA3A-FC91AB35229A}.Release|Any CPU.Build.0 = Release|Any CPU
		{E93962DE-2851-4E1A-A7FD-4B360AEDAB42}.Debug|Any CPU.ActiveCfg = Debug|Any CPU
		{E93962DE-2851-4E1A-A7FD-4B360AEDAB42}.Debug|Any CPU.Build.0 = Debug|Any CPU
		{E93962DE-2851-4E1A-A7FD-4B360AEDAB42}.Release|Any CPU.ActiveCfg = Release|Any CPU
		{E93962DE-2851-4E1A-A7FD-4B360AEDAB42}.Release|Any CPU.Build.0 = Release|Any CPU
		{81C1B1DE-A61E-44CF-B00B-59DF81A3121B}.Debug|Any CPU.ActiveCfg = Debug|Any CPU
		{81C1B1DE-A61E-44CF-B00B-59DF81A3121B}.Debug|Any CPU.Build.0 = Debug|Any CPU
		{81C1B1DE-A61E-44CF-B00B-59DF81A3121B}.Release|Any CPU.ActiveCfg = Release|Any CPU
		{81C1B1DE-A61E-44CF-B00B-59DF81A3121B}.Release|Any CPU.Build.0 = Release|Any CPU
		{3E8CB816-F90E-456B-9DE2-D329B5638AAA}.Debug|Any CPU.ActiveCfg = Debug|Any CPU
		{3E8CB816-F90E-456B-9DE2-D329B5638AAA}.Debug|Any CPU.Build.0 = Debug|Any CPU
		{3E8CB816-F90E-456B-9DE2-D329B5638AAA}.Release|Any CPU.ActiveCfg = Release|Any CPU
		{3E8CB816-F90E-456B-9DE2-D329B5638AAA}.Release|Any CPU.Build.0 = Release|Any CPU
		{6E47371F-88AB-41EE-A6A1-1AA401E9A1D9}.Debug|Any CPU.ActiveCfg = Debug|Any CPU
		{6E47371F-88AB-41EE-A6A1-1AA401E9A1D9}.Debug|Any CPU.Build.0 = Debug|Any CPU
		{6E47371F-88AB-41EE-A6A1-1AA401E9A1D9}.Release|Any CPU.ActiveCfg = Release|Any CPU
		{6E47371F-88AB-41EE-A6A1-1AA401E9A1D9}.Release|Any CPU.Build.0 = Release|Any CPU
		{D2021246-AD81-4D03-A9D8-07A9FE53EF58}.Debug|Any CPU.ActiveCfg = Debug|Any CPU
		{D2021246-AD81-4D03-A9D8-07A9FE53EF58}.Debug|Any CPU.Build.0 = Debug|Any CPU
		{D2021246-AD81-4D03-A9D8-07A9FE53EF58}.Release|Any CPU.ActiveCfg = Release|Any CPU
		{D2021246-AD81-4D03-A9D8-07A9FE53EF58}.Release|Any CPU.Build.0 = Release|Any CPU
		{546B2CC0-2F1C-418E-8ECC-86C623FCA9A7}.Debug|Any CPU.ActiveCfg = Debug|Any CPU
		{546B2CC0-2F1C-418E-8ECC-86C623FCA9A7}.Debug|Any CPU.Build.0 = Debug|Any CPU
		{546B2CC0-2F1C-418E-8ECC-86C623FCA9A7}.Release|Any CPU.ActiveCfg = Release|Any CPU
		{546B2CC0-2F1C-418E-8ECC-86C623FCA9A7}.Release|Any CPU.Build.0 = Release|Any CPU
		{D95D64D3-677A-4E0B-9970-D704EFCBC759}.Debug|Any CPU.ActiveCfg = Debug|Any CPU
		{D95D64D3-677A-4E0B-9970-D704EFCBC759}.Debug|Any CPU.Build.0 = Debug|Any CPU
		{D95D64D3-677A-4E0B-9970-D704EFCBC759}.Release|Any CPU.ActiveCfg = Release|Any CPU
		{D95D64D3-677A-4E0B-9970-D704EFCBC759}.Release|Any CPU.Build.0 = Release|Any CPU
	EndGlobalSection
EndGlobal
