
Microsoft Visual Studio Solution File, Format Version 12.00
Project("{FAE04EC0-301F-11D3-BF4B-00C04F79EFBC}") = "OccurrencesFinder.PoC", "OccurrencesFinder.PoC\OccurrencesFinder.PoC.csproj", "{7405E5B6-B967-40A6-9906-B761F121F999}"
EndProject
Project("{FAE04EC0-301F-11D3-BF4B-00C04F79EFBC}") = "OccurrencesFinder.Core", "OccurrencesFinder.Core\OccurrencesFinder.Core.csproj", "{5841DC87-5098-46A9-9531-9A2EE57A772E}"
EndProject
Project("{FAE04EC0-301F-11D3-BF4B-00C04F79EFBC}") = "OccurrencesFinder.Core.UnitTests", "OccurrencesFinder.Core.UnitTests\OccurrencesFinder.Core.UnitTests.csproj", "{770902BC-6752-4174-AA3A-FC91AB35229A}"
EndProject
Project("{FAE04EC0-301F-11D3-BF4B-00C04F79EFBC}") = "OccurrencesFinder.IntegrationTestServer", "OccurrencesFinder.IntegrationTestServer\OccurrencesFinder.IntegrationTestServer.csproj", "{E93962DE-2851-4E1A-A7FD-4B360AEDAB42}"
EndProject
Global
	GlobalSection(SolutionConfigurationPlatforms) = preSolution
		Debug|Any CPU = Debug|Any CPU
		Release|Any CPU = Release|Any CPU
	EndGlobalSection
	GlobalSection(ProjectConfigurationPlatforms) = postSolution
		{7405E5B6-B967-40A6-9906-B761F121F999}.Debug|Any CPU.ActiveCfg = Debug|Any CPU
		{7405E5B6-B967-40A6-9906-B761F121F999}.Debug|Any CPU.Build.0 = Debug|Any CPU
		{7405E5B6-B967-40A6-9906-B761F121F999}.Release|Any CPU.ActiveCfg = Release|Any CPU
		{7405E5B6-B967-40A6-9906-B761F121F999}.Release|Any CPU.Build.0 = Release|Any CPU
		{5841DC87-5098-46A9-9531-9A2EE57A772E}.Debug|Any CPU.ActiveCfg = Debug|Any CPU
		{5841DC87-5098-46A9-9531-9A2EE57A772E}.Debug|Any CPU.Build.0 = Debug|Any CPU
		{5841DC87-5098-46A9-9531-9A2EE57A772E}.Release|Any CPU.ActiveCfg = Release|Any CPU
		{5841DC87-5098-46A9-9531-9A2EE57A772E}.Release|Any CPU.Build.0 = Release|Any CPU
		{770902BC-6752-4174-AA3A-FC91AB35229A}.Debug|Any CPU.ActiveCfg = Debug|Any CPU
		{770902BC-6752-4174-AA3A-FC91AB35229A}.Debug|Any CPU.Build.0 = Debug|Any CPU
		{770902BC-6752-4174-AA3A-FC91AB35229A}.Release|Any CPU.ActiveCfg = Release|Any CPU
		{770902BC-6752-4174-AA3A-FC91AB35229A}.Release|Any CPU.Build.0 = Release|Any CPU
		{E93962DE-2851-4E1A-A7FD-4B360AEDAB42}.Debug|Any CPU.ActiveCfg = Debug|Any CPU
		{E93962DE-2851-4E1A-A7FD-4B360AEDAB42}.Debug|Any CPU.Build.0 = Debug|Any CPU
		{E93962DE-2851-4E1A-A7FD-4B360AEDAB42}.Release|Any CPU.ActiveCfg = Release|Any CPU
		{E93962DE-2851-4E1A-A7FD-4B360AEDAB42}.Release|Any CPU.Build.0 = Release|Any CPU
	EndGlobalSection
EndGlobal
