
Microsoft Visual Studio Solution File, Format Version 12.00
Project("{FAE04EC0-301F-11D3-BF4B-00C04F79EFBC}") = "OccurencesFinder.PoC", "OccurencesFinder.PoC\OccurencesFinder.PoC.csproj", "{5FF1E815-D5F2-4410-8064-E5DB0E59314E}"
EndProject
Global
	GlobalSection(SolutionConfigurationPlatforms) = preSolution
		Debug|Any CPU = Debug|Any CPU
		Release|Any CPU = Release|Any CPU
	EndGlobalSection
	GlobalSection(ProjectConfigurationPlatforms) = postSolution
		{5FF1E815-D5F2-4410-8064-E5DB0E59314E}.Debug|Any CPU.ActiveCfg = Debug|Any CPU
		{5FF1E815-D5F2-4410-8064-E5DB0E59314E}.Debug|Any CPU.Build.0 = Debug|Any CPU
		{5FF1E815-D5F2-4410-8064-E5DB0E59314E}.Release|Any CPU.ActiveCfg = Release|Any CPU
		{5FF1E815-D5F2-4410-8064-E5DB0E59314E}.Release|Any CPU.Build.0 = Release|Any CPU
	EndGlobalSection
EndGlobal
